
Microsoft Visual Studio Solution File, Format Version 12.00
Project("{FAE04EC0-301F-11D3-BF4B-00C04F79EFBC}") = "Facade", "Facade\Facade.csproj", "{5293D958-CABE-4F30-95F1-BADAFC2F8960}"
EndProject
Global
	GlobalSection(SolutionConfigurationPlatforms) = preSolution
		Debug|Any CPU = Debug|Any CPU
		Release|Any CPU = Release|Any CPU
	EndGlobalSection
	GlobalSection(ProjectConfigurationPlatforms) = postSolution
		{5293D958-CABE-4F30-95F1-BADAFC2F8960}.Debug|Any CPU.ActiveCfg = Debug|Any CPU
		{5293D958-CABE-4F30-95F1-BADAFC2F8960}.Debug|Any CPU.Build.0 = Debug|Any CPU
		{5293D958-CABE-4F30-95F1-BADAFC2F8960}.Release|Any CPU.ActiveCfg = Release|Any CPU
		{5293D958-CABE-4F30-95F1-BADAFC2F8960}.Release|Any CPU.Build.0 = Release|Any CPU
	EndGlobalSection
EndGlobal
