
Microsoft Visual Studio Solution File, Format Version 12.00
# Visual Studio Version 16
VisualStudioVersion = 16.0.31321.278
MinimumVisualStudioVersion = 10.0.40219.1
Project("{FAE04EC0-301F-11D3-BF4B-00C04F79EFBC}") = "Facade", "Facade.csproj", "{CC7A17F7-F275-42D2-A083-7227AF8CAFCB}"
EndProject
Global
	GlobalSection(SolutionConfigurationPlatforms) = preSolution
		Debug|Any CPU = Debug|Any CPU
		Release|Any CPU = Release|Any CPU
	EndGlobalSection
	GlobalSection(ProjectConfigurationPlatforms) = postSolution
		{CC7A17F7-F275-42D2-A083-7227AF8CAFCB}.Debug|Any CPU.ActiveCfg = Debug|Any CPU
		{CC7A17F7-F275-42D2-A083-7227AF8CAFCB}.Debug|Any CPU.Build.0 = Debug|Any CPU
		{CC7A17F7-F275-42D2-A083-7227AF8CAFCB}.Release|Any CPU.ActiveCfg = Release|Any CPU
		{CC7A17F7-F275-42D2-A083-7227AF8CAFCB}.Release|Any CPU.Build.0 = Release|Any CPU
	EndGlobalSection
	GlobalSection(SolutionProperties) = preSolution
		HideSolutionNode = FALSE
	EndGlobalSection
	GlobalSection(ExtensibilityGlobals) = postSolution
		SolutionGuid = {0C9A791F-8847-4D18-889E-743BCD5A9625}
	EndGlobalSection
EndGlobal
