
Microsoft Visual Studio Solution File, Format Version 12.00
# Visual Studio Version 16
VisualStudioVersion = 16.0.31205.134
MinimumVisualStudioVersion = 10.0.40219.1
Project("{FAE04EC0-301F-11D3-BF4B-00C04F79EFBC}") = "Facade", "Facade\Facade.csproj", "{561E625F-A5E4-400A-8CF9-201590FE5755}"
EndProject
Global
	GlobalSection(SolutionConfigurationPlatforms) = preSolution
		Debug|Any CPU = Debug|Any CPU
		Release|Any CPU = Release|Any CPU
	EndGlobalSection
	GlobalSection(ProjectConfigurationPlatforms) = postSolution
		{561E625F-A5E4-400A-8CF9-201590FE5755}.Debug|Any CPU.ActiveCfg = Debug|Any CPU
		{561E625F-A5E4-400A-8CF9-201590FE5755}.Debug|Any CPU.Build.0 = Debug|Any CPU
		{561E625F-A5E4-400A-8CF9-201590FE5755}.Release|Any CPU.ActiveCfg = Release|Any CPU
		{561E625F-A5E4-400A-8CF9-201590FE5755}.Release|Any CPU.Build.0 = Release|Any CPU
	EndGlobalSection
	GlobalSection(SolutionProperties) = preSolution
		HideSolutionNode = FALSE
	EndGlobalSection
	GlobalSection(ExtensibilityGlobals) = postSolution
		SolutionGuid = {D351A724-B737-4B36-B576-DDCA52CBAFE0}
	EndGlobalSection
EndGlobal
