
Microsoft Visual Studio Solution File, Format Version 12.00
# Visual Studio Version 16
VisualStudioVersion = 16.0.31402.337
MinimumVisualStudioVersion = 10.0.40219.1
Project("{FAE04EC0-301F-11D3-BF4B-00C04F79EFBC}") = "FacadeDesignPattern", "FacadeDesignPattern\FacadeDesignPattern.csproj", "{7F2DEBFA-8174-433F-8603-BA6A86319E9A}"
EndProject
Global
	GlobalSection(SolutionConfigurationPlatforms) = preSolution
		Debug|Any CPU = Debug|Any CPU
		Release|Any CPU = Release|Any CPU
	EndGlobalSection
	GlobalSection(ProjectConfigurationPlatforms) = postSolution
		{7F2DEBFA-8174-433F-8603-BA6A86319E9A}.Debug|Any CPU.ActiveCfg = Debug|Any CPU
		{7F2DEBFA-8174-433F-8603-BA6A86319E9A}.Debug|Any CPU.Build.0 = Debug|Any CPU
		{7F2DEBFA-8174-433F-8603-BA6A86319E9A}.Release|Any CPU.ActiveCfg = Release|Any CPU
		{7F2DEBFA-8174-433F-8603-BA6A86319E9A}.Release|Any CPU.Build.0 = Release|Any CPU
	EndGlobalSection
	GlobalSection(SolutionProperties) = preSolution
		HideSolutionNode = FALSE
	EndGlobalSection
	GlobalSection(ExtensibilityGlobals) = postSolution
		SolutionGuid = {C504FEAF-BD2D-4199-B6A5-748BEF5E614F}
	EndGlobalSection
EndGlobal
