
Microsoft Visual Studio Solution File, Format Version 12.00
# Visual Studio Version 16
VisualStudioVersion = 16.0.31313.79
MinimumVisualStudioVersion = 10.0.40219.1
Project("{FAE04EC0-301F-11D3-BF4B-00C04F79EFBC}") = "facadeDesignPattern", "facadeDesignPattern\facadeDesignPattern.csproj", "{8C86E097-6A9F-484D-B56B-4735CB37C0F3}"
EndProject
Global
	GlobalSection(SolutionConfigurationPlatforms) = preSolution
		Debug|Any CPU = Debug|Any CPU
		Release|Any CPU = Release|Any CPU
	EndGlobalSection
	GlobalSection(ProjectConfigurationPlatforms) = postSolution
		{8C86E097-6A9F-484D-B56B-4735CB37C0F3}.Debug|Any CPU.ActiveCfg = Debug|Any CPU
		{8C86E097-6A9F-484D-B56B-4735CB37C0F3}.Debug|Any CPU.Build.0 = Debug|Any CPU
		{8C86E097-6A9F-484D-B56B-4735CB37C0F3}.Release|Any CPU.ActiveCfg = Release|Any CPU
		{8C86E097-6A9F-484D-B56B-4735CB37C0F3}.Release|Any CPU.Build.0 = Release|Any CPU
	EndGlobalSection
	GlobalSection(SolutionProperties) = preSolution
		HideSolutionNode = FALSE
	EndGlobalSection
	GlobalSection(ExtensibilityGlobals) = postSolution
		SolutionGuid = {5EF53A09-BB12-41BD-86ED-069363F130D7}
	EndGlobalSection
EndGlobal
