
Microsoft Visual Studio Solution File, Format Version 12.00
# Visual Studio Version 16
VisualStudioVersion = 16.0.31321.278
MinimumVisualStudioVersion = 10.0.40219.1
Project("{FAE04EC0-301F-11D3-BF4B-00C04F79EFBC}") = "Facade", "Facade.csproj", "{C2201D52-5C79-4B72-9A38-E6616EC679E5}"
EndProject
Global
	GlobalSection(SolutionConfigurationPlatforms) = preSolution
		Debug|Any CPU = Debug|Any CPU
		Release|Any CPU = Release|Any CPU
	EndGlobalSection
	GlobalSection(ProjectConfigurationPlatforms) = postSolution
		{C2201D52-5C79-4B72-9A38-E6616EC679E5}.Debug|Any CPU.ActiveCfg = Debug|Any CPU
		{C2201D52-5C79-4B72-9A38-E6616EC679E5}.Debug|Any CPU.Build.0 = Debug|Any CPU
		{C2201D52-5C79-4B72-9A38-E6616EC679E5}.Release|Any CPU.ActiveCfg = Release|Any CPU
		{C2201D52-5C79-4B72-9A38-E6616EC679E5}.Release|Any CPU.Build.0 = Release|Any CPU
	EndGlobalSection
	GlobalSection(SolutionProperties) = preSolution
		HideSolutionNode = FALSE
	EndGlobalSection
	GlobalSection(ExtensibilityGlobals) = postSolution
		SolutionGuid = {D5FE5E9C-0ED3-4646-9D17-1121C80A0411}
	EndGlobalSection
EndGlobal
