
Microsoft Visual Studio Solution File, Format Version 12.00
# Visual Studio Version 16
VisualStudioVersion = 16.0.31313.79
MinimumVisualStudioVersion = 10.0.40219.1
Project("{FAE04EC0-301F-11D3-BF4B-00C04F79EFBC}") = "Facade", "Facade\Facade.csproj", "{68B64FD4-07C0-4834-8576-D6BEA53733B1}"
EndProject
Global
	GlobalSection(SolutionConfigurationPlatforms) = preSolution
		Debug|Any CPU = Debug|Any CPU
		Release|Any CPU = Release|Any CPU
	EndGlobalSection
	GlobalSection(ProjectConfigurationPlatforms) = postSolution
		{68B64FD4-07C0-4834-8576-D6BEA53733B1}.Debug|Any CPU.ActiveCfg = Debug|Any CPU
		{68B64FD4-07C0-4834-8576-D6BEA53733B1}.Debug|Any CPU.Build.0 = Debug|Any CPU
		{68B64FD4-07C0-4834-8576-D6BEA53733B1}.Release|Any CPU.ActiveCfg = Release|Any CPU
		{68B64FD4-07C0-4834-8576-D6BEA53733B1}.Release|Any CPU.Build.0 = Release|Any CPU
	EndGlobalSection
	GlobalSection(SolutionProperties) = preSolution
		HideSolutionNode = FALSE
	EndGlobalSection
	GlobalSection(ExtensibilityGlobals) = postSolution
		SolutionGuid = {0CD92A38-A37E-4529-A46B-88F89D3ED1C7}
	EndGlobalSection
EndGlobal
