
Microsoft Visual Studio Solution File, Format Version 12.00
# Visual Studio Version 16
VisualStudioVersion = 16.0.31410.357
MinimumVisualStudioVersion = 10.0.40219.1
Project("{FAE04EC0-301F-11D3-BF4B-00C04F79EFBC}") = "Facade1", "Facade1\Facade1.csproj", "{17225319-593E-49EF-B6FF-33C1281DC02D}"
EndProject
Global
	GlobalSection(SolutionConfigurationPlatforms) = preSolution
		Debug|Any CPU = Debug|Any CPU
		Release|Any CPU = Release|Any CPU
	EndGlobalSection
	GlobalSection(ProjectConfigurationPlatforms) = postSolution
		{17225319-593E-49EF-B6FF-33C1281DC02D}.Debug|Any CPU.ActiveCfg = Debug|Any CPU
		{17225319-593E-49EF-B6FF-33C1281DC02D}.Debug|Any CPU.Build.0 = Debug|Any CPU
		{17225319-593E-49EF-B6FF-33C1281DC02D}.Release|Any CPU.ActiveCfg = Release|Any CPU
		{17225319-593E-49EF-B6FF-33C1281DC02D}.Release|Any CPU.Build.0 = Release|Any CPU
	EndGlobalSection
	GlobalSection(SolutionProperties) = preSolution
		HideSolutionNode = FALSE
	EndGlobalSection
	GlobalSection(ExtensibilityGlobals) = postSolution
		SolutionGuid = {3E759371-87D2-417D-81C7-221E0F97A30D}
	EndGlobalSection
EndGlobal
