
Microsoft Visual Studio Solution File, Format Version 12.00
# Visual Studio Version 16
VisualStudioVersion = 16.0.31112.23
MinimumVisualStudioVersion = 10.0.40219.1
Project("{FAE04EC0-301F-11D3-BF4B-00C04F79EFBC}") = "OnlineShoppingFacade", "OnlineShoppingFacade\OnlineShoppingFacade.csproj", "{977DC45D-A3D8-49C5-B702-612D1E60FC55}"
EndProject
Global
	GlobalSection(SolutionConfigurationPlatforms) = preSolution
		Debug|Any CPU = Debug|Any CPU
		Release|Any CPU = Release|Any CPU
	EndGlobalSection
	GlobalSection(ProjectConfigurationPlatforms) = postSolution
		{977DC45D-A3D8-49C5-B702-612D1E60FC55}.Debug|Any CPU.ActiveCfg = Debug|Any CPU
		{977DC45D-A3D8-49C5-B702-612D1E60FC55}.Debug|Any CPU.Build.0 = Debug|Any CPU
		{977DC45D-A3D8-49C5-B702-612D1E60FC55}.Release|Any CPU.ActiveCfg = Release|Any CPU
		{977DC45D-A3D8-49C5-B702-612D1E60FC55}.Release|Any CPU.Build.0 = Release|Any CPU
	EndGlobalSection
	GlobalSection(SolutionProperties) = preSolution
		HideSolutionNode = FALSE
	EndGlobalSection
	GlobalSection(ExtensibilityGlobals) = postSolution
		SolutionGuid = {CA5D81B8-7756-4F60-BE46-50C17C061955}
	EndGlobalSection
EndGlobal
